{
  "name": "next-job-kit",
  "version": "0.1.0",
  "lockfileVersion": 3,
  "requires": true,
  "packages": {
    "": {
      "name": "next-job-kit",
      "version": "0.1.0",
      "license": "MIT",
      "bin": {
        "next-job-kit": "bin/next-job-kit.mjs"
      },
      "engines": {
        "node": ">=22.14.0"
      }
    }
  }
}
